// !$*UTF8*$!
{
	archiveVersion = 1;
	classes = {
	};
	objectVersion = 56;
	objects = {

/* Begin PBXBuildFile section */
		20A0F26F2B55F761002939AB /* DetailViewController.swift in Sources */ = {isa = PBXBuildFile; fileRef = 20A0F26E2B55F761002939AB /* DetailViewController.swift */; };
		20A0F2752B5602B2002939AB /* PictureCell.swift in Sources */ = {isa = PBXBuildFile; fileRef = 20A0F2742B5602B2002939AB /* PictureCell.swift */; };
		20A0F2792B560425002939AB /* Picture.swift in Sources */ = {isa = PBXBuildFile; fileRef = 20A0F2782B560425002939AB /* Picture.swift */; };
		20EBC0A42B5339EB001728DB /* AppDelegate.swift in Sources */ = {isa = PBXBuildFile; fileRef = 20EBC0A32B5339EB001728DB /* AppDelegate.swift */; };
		20EBC0A62B5339EB001728DB /* SceneDelegate.swift in Sources */ = {isa = PBXBuildFile; fileRef = 20EBC0A52B5339EB001728DB /* SceneDelegate.swift */; };
		20EBC0A82B5339EB001728DB /* TableViewController.swift in Sources */ = {isa = PBXBuildFile; fileRef = 20EBC0A72B5339EB001728DB /* TableViewController.swift */; };
		20EBC0AD2B5339ED001728DB /* Assets.xcassets in Resources */ = {isa = PBXBuildFile; fileRef = 20EBC0AC2B5339ED001728DB /* Assets.xcassets */; };
		20EBC0B02B5339ED001728DB /* LaunchScreen.storyboard in Resources */ = {isa = PBXBuildFile; fileRef = 20EBC0AE2B5339ED001728DB /* LaunchScreen.storyboard */; };
		20EBC0C22B533B72001728DB /* nssl0049.jpg in Resources */ = {isa = PBXBuildFile; fileRef = 20EBC0B82B533B72001728DB /* nssl0049.jpg */; };
		20EBC0C32B533B72001728DB /* nssl0046.jpg in Resources */ = {isa = PBXBuildFile; fileRef = 20EBC0B92B533B72001728DB /* nssl0046.jpg */; };
		20EBC0C42B533B72001728DB /* nssl0091.jpg in Resources */ = {isa = PBXBuildFile; fileRef = 20EBC0BA2B533B72001728DB /* nssl0091.jpg */; };
		20EBC0C52B533B72001728DB /* nssl0045.jpg in Resources */ = {isa = PBXBuildFile; fileRef = 20EBC0BB2B533B72001728DB /* nssl0045.jpg */; };
		20EBC0C62B533B72001728DB /* nssl0051.jpg in Resources */ = {isa = PBXBuildFile; fileRef = 20EBC0BC2B533B72001728DB /* nssl0051.jpg */; };
		20EBC0C72B533B72001728DB /* nssl0041.jpg in Resources */ = {isa = PBXBuildFile; fileRef = 20EBC0BD2B533B72001728DB /* nssl0041.jpg */; };
		20EBC0C82B533B72001728DB /* nssl0042.jpg in Resources */ = {isa = PBXBuildFile; fileRef = 20EBC0BE2B533B72001728DB /* nssl0042.jpg */; };
		20EBC0C92B533B72001728DB /* nssl0043.jpg in Resources */ = {isa = PBXBuildFile; fileRef = 20EBC0BF2B533B72001728DB /* nssl0043.jpg */; };
		20EBC0CA2B533B72001728DB /* nssl0033.jpg in Resources */ = {isa = PBXBuildFile; fileRef = 20EBC0C02B533B72001728DB /* nssl0033.jpg */; };
		20EBC0CB2B533B72001728DB /* nssl0034.jpg in Resources */ = {isa = PBXBuildFile; fileRef = 20EBC0C12B533B72001728DB /* nssl0034.jpg */; };
/* End PBXBuildFile section */

/* Begin PBXFileReference section */
		20A0F26E2B55F761002939AB /* DetailViewController.swift */ = {isa = PBXFileReference; lastKnownFileType = sourcecode.swift; path = DetailViewController.swift; sourceTree = "<group>"; };
		20A0F2742B5602B2002939AB /* PictureCell.swift */ = {isa = PBXFileReference; lastKnownFileType = sourcecode.swift; path = PictureCell.swift; sourceTree = "<group>"; };
		20A0F2782B560425002939AB /* Picture.swift */ = {isa = PBXFileReference; lastKnownFileType = sourcecode.swift; path = Picture.swift; sourceTree = "<group>"; };
		20EBC0A02B5339EB001728DB /* hws-project-01.app */ = {isa = PBXFileReference; explicitFileType = wrapper.application; includeInIndex = 0; path = "hws-project-01.app"; sourceTree = BUILT_PRODUCTS_DIR; };
		20EBC0A32B5339EB001728DB /* AppDelegate.swift */ = {isa = PBXFileReference; lastKnownFileType = sourcecode.swift; path = AppDelegate.swift; sourceTree = "<group>"; };
		20EBC0A52B5339EB001728DB /* SceneDelegate.swift */ = {isa = PBXFileReference; lastKnownFileType = sourcecode.swift; path = SceneDelegate.swift; sourceTree = "<group>"; };
		20EBC0A72B5339EB001728DB /* TableViewController.swift */ = {isa = PBXFileReference; lastKnownFileType = sourcecode.swift; path = TableViewController.swift; sourceTree = "<group>"; };
		20EBC0AC2B5339ED001728DB /* Assets.xcassets */ = {isa = PBXFileReference; lastKnownFileType = folder.assetcatalog; path = Assets.xcassets; sourceTree = "<group>"; };
		20EBC0AF2B5339ED001728DB /* Base */ = {isa = PBXFileReference; lastKnownFileType = file.storyboard; name = Base; path = Base.lproj/LaunchScreen.storyboard; sourceTree = "<group>"; };
		20EBC0B12B5339ED001728DB /* Info.plist */ = {isa = PBXFileReference; lastKnownFileType = text.plist.xml; path = Info.plist; sourceTree = "<group>"; };
		20EBC0B82B533B72001728DB /* nssl0049.jpg */ = {isa = PBXFileReference; lastKnownFileType = image.jpeg; path = nssl0049.jpg; sourceTree = "<group>"; };
		20EBC0B92B533B72001728DB /* nssl0046.jpg */ = {isa = PBXFileReference; lastKnownFileType = image.jpeg; path = nssl0046.jpg; sourceTree = "<group>"; };
		20EBC0BA2B533B72001728DB /* nssl0091.jpg */ = {isa = PBXFileReference; lastKnownFileType = image.jpeg; path = nssl0091.jpg; sourceTree = "<group>"; };
		20EBC0BB2B533B72001728DB /* nssl0045.jpg */ = {isa = PBXFileReference; lastKnownFileType = image.jpeg; path = nssl0045.jpg; sourceTree = "<group>"; };
		20EBC0BC2B533B72001728DB /* nssl0051.jpg */ = {isa = PBXFileReference; lastKnownFileType = image.jpeg; path = nssl0051.jpg; sourceTree = "<group>"; };
		20EBC0BD2B533B72001728DB /* nssl0041.jpg */ = {isa = PBXFileReference; lastKnownFileType = image.jpeg; path = nssl0041.jpg; sourceTree = "<group>"; };
		20EBC0BE2B533B72001728DB /* nssl0042.jpg */ = {isa = PBXFileReference; lastKnownFileType = image.jpeg; path = nssl0042.jpg; sourceTree = "<group>"; };
		20EBC0BF2B533B72001728DB /* nssl0043.jpg */ = {isa = PBXFileReference; lastKnownFileType = image.jpeg; path = nssl0043.jpg; sourceTree = "<group>"; };
		20EBC0C02B533B72001728DB /* nssl0033.jpg */ = {isa = PBXFileReference; lastKnownFileType = image.jpeg; path = nssl0033.jpg; sourceTree = "<group>"; };
		20EBC0C12B533B72001728DB /* nssl0034.jpg */ = {isa = PBXFileReference; lastKnownFileType = image.jpeg; path = nssl0034.jpg; sourceTree = "<group>"; };
		20EBC0CC2B533DAC001728DB /* README.md */ = {isa = PBXFileReference; lastKnownFileType = net.daringfireball.markdown; path = README.md; sourceTree = "<group>"; };
/* End PBXFileReference section */

/* Begin PBXFrameworksBuildPhase section */
		20EBC09D2B5339EB001728DB /* Frameworks */ = {
			isa = PBXFrameworksBuildPhase;
			buildActionMask = 2147483647;
			files = (
			);
			runOnlyForDeploymentPostprocessing = 0;
		};
/* End PBXFrameworksBuildPhase section */

/* Begin PBXGroup section */
		20A0F2702B55FFC2002939AB /* Controllers */ = {
			isa = PBXGroup;
			children = (
				20EBC0A72B5339EB001728DB /* TableViewController.swift */,
				20A0F26E2B55F761002939AB /* DetailViewController.swift */,
			);
			path = Controllers;
			sourceTree = "<group>";
		};
		20A0F2762B5603F3002939AB /* View */ = {
			isa = PBXGroup;
			children = (
				20A0F2742B5602B2002939AB /* PictureCell.swift */,
			);
			path = View;
			sourceTree = "<group>";
		};
		20A0F2772B560419002939AB /* Model */ = {
			isa = PBXGroup;
			children = (
				20A0F2782B560425002939AB /* Picture.swift */,
			);
			path = Model;
			sourceTree = "<group>";
		};
		20EBC0972B5339EB001728DB = {
			isa = PBXGroup;
			children = (
				20EBC0CC2B533DAC001728DB /* README.md */,
				20EBC0A22B5339EB001728DB /* hws-project-01 */,
				20EBC0A12B5339EB001728DB /* Products */,
			);
			sourceTree = "<group>";
		};
		20EBC0A12B5339EB001728DB /* Products */ = {
			isa = PBXGroup;
			children = (
				20EBC0A02B5339EB001728DB /* hws-project-01.app */,
			);
			name = Products;
			sourceTree = "<group>";
		};
		20EBC0A22B5339EB001728DB /* hws-project-01 */ = {
			isa = PBXGroup;
			children = (
				20EBC0A32B5339EB001728DB /* AppDelegate.swift */,
				20EBC0A52B5339EB001728DB /* SceneDelegate.swift */,
				20A0F2772B560419002939AB /* Model */,
				20A0F2762B5603F3002939AB /* View */,
				20A0F2702B55FFC2002939AB /* Controllers */,
				20EBC0AC2B5339ED001728DB /* Assets.xcassets */,
				20EBC0AE2B5339ED001728DB /* LaunchScreen.storyboard */,
				20EBC0B12B5339ED001728DB /* Info.plist */,
				20EBC0B72B533B72001728DB /* Content */,
			);
			path = "hws-project-01";
			sourceTree = "<group>";
		};
		20EBC0B72B533B72001728DB /* Content */ = {
			isa = PBXGroup;
			children = (
				20EBC0B82B533B72001728DB /* nssl0049.jpg */,
				20EBC0B92B533B72001728DB /* nssl0046.jpg */,
				20EBC0BA2B533B72001728DB /* nssl0091.jpg */,
				20EBC0BB2B533B72001728DB /* nssl0045.jpg */,
				20EBC0BC2B533B72001728DB /* nssl0051.jpg */,
				20EBC0BD2B533B72001728DB /* nssl0041.jpg */,
				20EBC0BE2B533B72001728DB /* nssl0042.jpg */,
				20EBC0BF2B533B72001728DB /* nssl0043.jpg */,
				20EBC0C02B533B72001728DB /* nssl0033.jpg */,
				20EBC0C12B533B72001728DB /* nssl0034.jpg */,
			);
			path = Content;
			sourceTree = "<group>";
		};
/* End PBXGroup section */

/* Begin PBXNativeTarget section */
		20EBC09F2B5339EB001728DB /* hws-project-01 */ = {
			isa = PBXNativeTarget;
			buildConfigurationList = 20EBC0B42B5339ED001728DB /* Build configuration list for PBXNativeTarget "hws-project-01" */;
			buildPhases = (
				20EBC09C2B5339EB001728DB /* Sources */,
				20EBC09D2B5339EB001728DB /* Frameworks */,
				20EBC09E2B5339EB001728DB /* Resources */,
			);
			buildRules = (
			);
			dependencies = (
			);
			name = "hws-project-01";
			productName = "hws-project-01";
			productReference = 20EBC0A02B5339EB001728DB /* hws-project-01.app */;
			productType = "com.apple.product-type.application";
		};
/* End PBXNativeTarget section */

/* Begin PBXProject section */
		20EBC0982B5339EB001728DB /* Project object */ = {
			isa = PBXProject;
			attributes = {
				BuildIndependentTargetsInParallel = 1;
				LastSwiftUpdateCheck = 1520;
				LastUpgradeCheck = 1520;
				TargetAttributes = {
					20EBC09F2B5339EB001728DB = {
						CreatedOnToolsVersion = 15.2;
					};
				};
			};
			buildConfigurationList = 20EBC09B2B5339EB001728DB /* Build configuration list for PBXProject "hws-project-01" */;
			compatibilityVersion = "Xcode 14.0";
			developmentRegion = en;
			hasScannedForEncodings = 0;
			knownRegions = (
				en,
				Base,
			);
			mainGroup = 20EBC0972B5339EB001728DB;
			productRefGroup = 20EBC0A12B5339EB001728DB /* Products */;
			projectDirPath = "";
			projectRoot = "";
			targets = (
				20EBC09F2B5339EB001728DB /* hws-project-01 */,
			);
		};
/* End PBXProject section */

/* Begin PBXResourcesBuildPhase section */
		20EBC09E2B5339EB001728DB /* Resources */ = {
			isa = PBXResourcesBuildPhase;
			buildActionMask = 2147483647;
			files = (
				20EBC0C32B533B72001728DB /* nssl0046.jpg in Resources */,
				20EBC0CA2B533B72001728DB /* nssl0033.jpg in Resources */,
				20EBC0C62B533B72001728DB /* nssl0051.jpg in Resources */,
				20EBC0C42B533B72001728DB /* nssl0091.jpg in Resources */,
				20EBC0C92B533B72001728DB /* nssl0043.jpg in Resources */,
				20EBC0CB2B533B72001728DB /* nssl0034.jpg in Resources */,
				20EBC0C22B533B72001728DB /* nssl0049.jpg in Resources */,
				20EBC0C72B533B72001728DB /* nssl0041.jpg in Resources */,
				20EBC0C82B533B72001728DB /* nssl0042.jpg in Resources */,
				20EBC0B02B5339ED001728DB /* LaunchScreen.storyboard in Resources */,
				20EBC0AD2B5339ED001728DB /* Assets.xcassets in Resources */,
				20EBC0C52B533B72001728DB /* nssl0045.jpg in Resources */,
			);
			runOnlyForDeploymentPostprocessing = 0;
		};
/* End PBXResourcesBuildPhase section */

/* Begin PBXSourcesBuildPhase section */
		20EBC09C2B5339EB001728DB /* Sources */ = {
			isa = PBXSourcesBuildPhase;
			buildActionMask = 2147483647;
			files = (
				20A0F2792B560425002939AB /* Picture.swift in Sources */,
				20EBC0A82B5339EB001728DB /* TableViewController.swift in Sources */,
				20EBC0A42B5339EB001728DB /* AppDelegate.swift in Sources */,
				20A0F2752B5602B2002939AB /* PictureCell.swift in Sources */,
				20EBC0A62B5339EB001728DB /* SceneDelegate.swift in Sources */,
				20A0F26F2B55F761002939AB /* DetailViewController.swift in Sources */,
			);
			runOnlyForDeploymentPostprocessing = 0;
		};
/* End PBXSourcesBuildPhase section */

/* Begin PBXVariantGroup section */
		20EBC0AE2B5339ED001728DB /* LaunchScreen.storyboard */ = {
			isa = PBXVariantGroup;
			children = (
				20EBC0AF2B5339ED001728DB /* Base */,
			);
			name = LaunchScreen.storyboard;
			sourceTree = "<group>";
		};
/* End PBXVariantGroup section */

/* Begin XCBuildConfiguration section */
		20EBC0B22B5339ED001728DB /* Debug */ = {
			isa = XCBuildConfiguration;
			buildSettings = {
				ALWAYS_SEARCH_USER_PATHS = NO;
				ASSETCATALOG_COMPILER_GENERATE_SWIFT_ASSET_SYMBOL_EXTENSIONS = YES;
				CLANG_ANALYZER_NONNULL = YES;
				CLANG_ANALYZER_NUMBER_OBJECT_CONVERSION = YES_AGGRESSIVE;
				CLANG_CXX_LANGUAGE_STANDARD = "gnu++20";
				CLANG_ENABLE_MODULES = YES;
				CLANG_ENABLE_OBJC_ARC = YES;
				CLANG_ENABLE_OBJC_WEAK = YES;
				CLANG_WARN_BLOCK_CAPTURE_AUTORELEASING = YES;
				CLANG_WARN_BOOL_CONVERSION = YES;
				CLANG_WARN_COMMA = YES;
				CLANG_WARN_CONSTANT_CONVERSION = YES;
				CLANG_WARN_DEPRECATED_OBJC_IMPLEMENTATIONS = YES;
				CLANG_WARN_DIRECT_OBJC_ISA_USAGE = YES_ERROR;
				CLANG_WARN_DOCUMENTATION_COMMENTS = YES;
				CLANG_WARN_EMPTY_BODY = YES;
				CLANG_WARN_ENUM_CONVERSION = YES;
				CLANG_WARN_INFINITE_RECURSION = YES;
				CLANG_WARN_INT_CONVERSION = YES;
				CLANG_WARN_NON_LITERAL_NULL_CONVERSION = YES;
				CLANG_WARN_OBJC_IMPLICIT_RETAIN_SELF = YES;
				CLANG_WARN_OBJC_LITERAL_CONVERSION = YES;
				CLANG_WARN_OBJC_ROOT_CLASS = YES_ERROR;
				CLANG_WARN_QUOTED_INCLUDE_IN_FRAMEWORK_HEADER = YES;
				CLANG_WARN_RANGE_LOOP_ANALYSIS = YES;
				CLANG_WARN_STRICT_PROTOTYPES = YES;
				CLANG_WARN_SUSPICIOUS_MOVE = YES;
				CLANG_WARN_UNGUARDED_AVAILABILITY = YES_AGGRESSIVE;
				CLANG_WARN_UNREACHABLE_CODE = YES;
				CLANG_WARN__DUPLICATE_METHOD_MATCH = YES;
				COPY_PHASE_STRIP = NO;
				DEBUG_INFORMATION_FORMAT = dwarf;
				ENABLE_STRICT_OBJC_MSGSEND = YES;
				ENABLE_TESTABILITY = YES;
				ENABLE_USER_SCRIPT_SANDBOXING = YES;
				GCC_C_LANGUAGE_STANDARD = gnu17;
				GCC_DYNAMIC_NO_PIC = NO;
				GCC_NO_COMMON_BLOCKS = YES;
				GCC_OPTIMIZATION_LEVEL = 0;
				GCC_PREPROCESSOR_DEFINITIONS = (
					"DEBUG=1",
					"$(inherited)",
				);
				GCC_WARN_64_TO_32_BIT_CONVERSION = YES;
				GCC_WARN_ABOUT_RETURN_TYPE = YES_ERROR;
				GCC_WARN_UNDECLARED_SELECTOR = YES;
				GCC_WARN_UNINITIALIZED_AUTOS = YES_AGGRESSIVE;
				GCC_WARN_UNUSED_FUNCTION = YES;
				GCC_WARN_UNUSED_VARIABLE = YES;
				IPHONEOS_DEPLOYMENT_TARGET = 17.2;
				LOCALIZATION_PREFERS_STRING_CATALOGS = YES;
				MTL_ENABLE_DEBUG_INFO = INCLUDE_SOURCE;
				MTL_FAST_MATH = YES;
				ONLY_ACTIVE_ARCH = YES;
				SDKROOT = iphoneos;
				SWIFT_ACTIVE_COMPILATION_CONDITIONS = "DEBUG $(inherited)";
				SWIFT_OPTIMIZATION_LEVEL = "-Onone";
			};
			name = Debug;
		};
		20EBC0B32B5339ED001728DB /* Release */ = {
			isa = XCBuildConfiguration;
			buildSettings = {
				ALWAYS_SEARCH_USER_PATHS = NO;
				ASSETCATALOG_COMPILER_GENERATE_SWIFT_ASSET_SYMBOL_EXTENSIONS = YES;
				CLANG_ANALYZER_NONNULL = YES;
				CLANG_ANALYZER_NUMBER_OBJECT_CONVERSION = YES_AGGRESSIVE;
				CLANG_CXX_LANGUAGE_STANDARD = "gnu++20";
				CLANG_ENABLE_MODULES = YES;
				CLANG_ENABLE_OBJC_ARC = YES;
				CLANG_ENABLE_OBJC_WEAK = YES;
				CLANG_WARN_BLOCK_CAPTURE_AUTORELEASING = YES;
				CLANG_WARN_BOOL_CONVERSION = YES;
				CLANG_WARN_COMMA = YES;
				CLANG_WARN_CONSTANT_CONVERSION = YES;
				CLANG_WARN_DEPRECATED_OBJC_IMPLEMENTATIONS = YES;
				CLANG_WARN_DIRECT_OBJC_ISA_USAGE = YES_ERROR;
				CLANG_WARN_DOCUMENTATION_COMMENTS = YES;
				CLANG_WARN_EMPTY_BODY = YES;
				CLANG_WARN_ENUM_CONVERSION = YES;
				CLANG_WARN_INFINITE_RECURSION = YES;
				CLANG_WARN_INT_CONVERSION = YES;
				CLANG_WARN_NON_LITERAL_NULL_CONVERSION = YES;
				CLANG_WARN_OBJC_IMPLICIT_RETAIN_SELF = YES;
				CLANG_WARN_OBJC_LITERAL_CONVERSION = YES;
				CLANG_WARN_OBJC_ROOT_CLASS = YES_ERROR;
				CLANG_WARN_QUOTED_INCLUDE_IN_FRAMEWORK_HEADER = YES;
				CLANG_WARN_RANGE_LOOP_ANALYSIS = YES;
				CLANG_WARN_STRICT_PROTOTYPES = YES;
				CLANG_WARN_SUSPICIOUS_MOVE = YES;
				CLANG_WARN_UNGUARDED_AVAILABILITY = YES_AGGRESSIVE;
				CLANG_WARN_UNREACHABLE_CODE = YES;
				CLANG_WARN__DUPLICATE_METHOD_MATCH = YES;
				COPY_PHASE_STRIP = NO;
				DEBUG_INFORMATION_FORMAT = "dwarf-with-dsym";
				ENABLE_NS_ASSERTIONS = NO;
				ENABLE_STRICT_OBJC_MSGSEND = YES;
				ENABLE_USER_SCRIPT_SANDBOXING = YES;
				GCC_C_LANGUAGE_STANDARD = gnu17;
				GCC_NO_COMMON_BLOCKS = YES;
				GCC_WARN_64_TO_32_BIT_CONVERSION = YES;
				GCC_WARN_ABOUT_RETURN_TYPE = YES_ERROR;
				GCC_WARN_UNDECLARED_SELECTOR = YES;
				GCC_WARN_UNINITIALIZED_AUTOS = YES_AGGRESSIVE;
				GCC_WARN_UNUSED_FUNCTION = YES;
				GCC_WARN_UNUSED_VARIABLE = YES;
				IPHONEOS_DEPLOYMENT_TARGET = 17.2;
				LOCALIZATION_PREFERS_STRING_CATALOGS = YES;
				MTL_ENABLE_DEBUG_INFO = NO;
				MTL_FAST_MATH = YES;
				SDKROOT = iphoneos;
				SWIFT_COMPILATION_MODE = wholemodule;
				VALIDATE_PRODUCT = YES;
			};
			name = Release;
		};
		20EBC0B52B5339ED001728DB /* Debug */ = {
			isa = XCBuildConfiguration;
			buildSettings = {
				ASSETCATALOG_COMPILER_APPICON_NAME = AppIcon;
				ASSETCATALOG_COMPILER_GLOBAL_ACCENT_COLOR_NAME = AccentColor;
				CODE_SIGN_STYLE = Automatic;
				CURRENT_PROJECT_VERSION = 1;
				DEVELOPMENT_TEAM = DZDWNPN8YP;
				GENERATE_INFOPLIST_FILE = YES;
				INFOPLIST_FILE = "hws-project-01/Info.plist";
				INFOPLIST_KEY_UIApplicationSupportsIndirectInputEvents = YES;
				INFOPLIST_KEY_UILaunchStoryboardName = LaunchScreen;
				INFOPLIST_KEY_UISupportedInterfaceOrientations = UIInterfaceOrientationPortrait;
				INFOPLIST_KEY_UISupportedInterfaceOrientations_iPad = "UIInterfaceOrientationLandscapeLeft UIInterfaceOrientationLandscapeRight UIInterfaceOrientationPortrait UIInterfaceOrientationPortraitUpsideDown";
				LD_RUNPATH_SEARCH_PATHS = (
					"$(inherited)",
					"@executable_path/Frameworks",
				);
				MARKETING_VERSION = 1.0;
				PRODUCT_BUNDLE_IDENTIFIER = "com.eacardenase.hws-project-01";
				PRODUCT_NAME = "$(TARGET_NAME)";
				SUPPORTED_PLATFORMS = "iphoneos iphonesimulator";
				SUPPORTS_MACCATALYST = NO;
				SUPPORTS_MAC_DESIGNED_FOR_IPHONE_IPAD = NO;
				SUPPORTS_XR_DESIGNED_FOR_IPHONE_IPAD = NO;
				SWIFT_EMIT_LOC_STRINGS = YES;
				SWIFT_VERSION = 5.0;
				TARGETED_DEVICE_FAMILY = 1;
			};
			name = Debug;
		};
		20EBC0B62B5339ED001728DB /* Release */ = {
			isa = XCBuildConfiguration;
			buildSettings = {
				ASSETCATALOG_COMPILER_APPICON_NAME = AppIcon;
				ASSETCATALOG_COMPILER_GLOBAL_ACCENT_COLOR_NAME = AccentColor;
				CODE_SIGN_STYLE = Automatic;
				CURRENT_PROJECT_VERSION = 1;
				DEVELOPMENT_TEAM = DZDWNPN8YP;
				GENERATE_INFOPLIST_FILE = YES;
				INFOPLIST_FILE = "hws-project-01/Info.plist";
				INFOPLIST_KEY_UIApplicationSupportsIndirectInputEvents = YES;
				INFOPLIST_KEY_UILaunchStoryboardName = LaunchScreen;
				INFOPLIST_KEY_UISupportedInterfaceOrientations = UIInterfaceOrientationPortrait;
				INFOPLIST_KEY_UISupportedInterfaceOrientations_iPad = "UIInterfaceOrientationLandscapeLeft UIInterfaceOrientationLandscapeRight UIInterfaceOrientationPortrait UIInterfaceOrientationPortraitUpsideDown";
				LD_RUNPATH_SEARCH_PATHS = (
					"$(inherited)",
					"@executable_path/Frameworks",
				);
				MARKETING_VERSION = 1.0;
				PRODUCT_BUNDLE_IDENTIFIER = "com.eacardenase.hws-project-01";
				PRODUCT_NAME = "$(TARGET_NAME)";
				SUPPORTED_PLATFORMS = "iphoneos iphonesimulator";
				SUPPORTS_MACCATALYST = NO;
				SUPPORTS_MAC_DESIGNED_FOR_IPHONE_IPAD = NO;
				SUPPORTS_XR_DESIGNED_FOR_IPHONE_IPAD = NO;
				SWIFT_EMIT_LOC_STRINGS = YES;
				SWIFT_VERSION = 5.0;
				TARGETED_DEVICE_FAMILY = 1;
			};
			name = Release;
		};
/* End XCBuildConfiguration section */

/* Begin XCConfigurationList section */
		20EBC09B2B5339EB001728DB /* Build configuration list for PBXProject "hws-project-01" */ = {
			isa = XCConfigurationList;
			buildConfigurations = (
				20EBC0B22B5339ED001728DB /* Debug */,
				20EBC0B32B5339ED001728DB /* Release */,
			);
			defaultConfigurationIsVisible = 0;
			defaultConfigurationName = Release;
		};
		20EBC0B42B5339ED001728DB /* Build configuration list for PBXNativeTarget "hws-project-01" */ = {
			isa = XCConfigurationList;
			buildConfigurations = (
				20EBC0B52B5339ED001728DB /* Debug */,
				20EBC0B62B5339ED001728DB /* Release */,
			);
			defaultConfigurationIsVisible = 0;
			defaultConfigurationName = Release;
		};
/* End XCConfigurationList section */
	};
	rootObject = 20EBC0982B5339EB001728DB /* Project object */;
}
